
Microsoft Visual Studio Solution File, Format Version 12.00
# Visual Studio Version 16
VisualStudioVersion = 16.6.30114.105
MinimumVisualStudioVersion = 10.0.40219.1
Project("{FAE04EC0-301F-11D3-BF4B-00C04F79EFBC}") = "API", "API\API.csproj", "{DAB35633-20F2-4A9C-80AA-1F9735E25E63}"
EndProject
Project("{FAE04EC0-301F-11D3-BF4B-00C04F79EFBC}") = "Core", "Core\Core.csproj", "{2D7373BE-02CC-4825-A2AE-745963CA0646}"
EndProject
Project("{FAE04EC0-301F-11D3-BF4B-00C04F79EFBC}") = "Infrastructure", "Infrastructure\Infrastructure.csproj", "{798FEEE8-D666-4D03-9578-959D1078ACB7}"
EndProject
Global
	GlobalSection(SolutionConfigurationPlatforms) = preSolution
		Debug|Any CPU = Debug|Any CPU
		Debug|x64 = Debug|x64
		Debug|x86 = Debug|x86
		Release|Any CPU = Release|Any CPU
		Release|x64 = Release|x64
		Release|x86 = Release|x86
	EndGlobalSection
	GlobalSection(SolutionProperties) = preSolution
		HideSolutionNode = FALSE
	EndGlobalSection
	GlobalSection(ProjectConfigurationPlatforms) = postSolution
		{DAB35633-20F2-4A9C-80AA-1F9735E25E63}.Debug|Any CPU.ActiveCfg = Debug|Any CPU
		{DAB35633-20F2-4A9C-80AA-1F9735E25E63}.Debug|Any CPU.Build.0 = Debug|Any CPU
		{DAB35633-20F2-4A9C-80AA-1F9735E25E63}.Debug|x64.ActiveCfg = Debug|Any CPU
		{DAB35633-20F2-4A9C-80AA-1F9735E25E63}.Debug|x64.Build.0 = Debug|Any CPU
		{DAB35633-20F2-4A9C-80AA-1F9735E25E63}.Debug|x86.ActiveCfg = Debug|Any CPU
		{DAB35633-20F2-4A9C-80AA-1F9735E25E63}.Debug|x86.Build.0 = Debug|Any CPU
		{DAB35633-20F2-4A9C-80AA-1F9735E25E63}.Release|Any CPU.ActiveCfg = Release|Any CPU
		{DAB35633-20F2-4A9C-80AA-1F9735E25E63}.Release|Any CPU.Build.0 = Release|Any CPU
		{DAB35633-20F2-4A9C-80AA-1F9735E25E63}.Release|x64.ActiveCfg = Release|Any CPU
		{DAB35633-20F2-4A9C-80AA-1F9735E25E63}.Release|x64.Build.0 = Release|Any CPU
		{DAB35633-20F2-4A9C-80AA-1F9735E25E63}.Release|x86.ActiveCfg = Release|Any CPU
		{DAB35633-20F2-4A9C-80AA-1F9735E25E63}.Release|x86.Build.0 = Release|Any CPU
		{2D7373BE-02CC-4825-A2AE-745963CA0646}.Debug|Any CPU.ActiveCfg = Debug|Any CPU
		{2D7373BE-02CC-4825-A2AE-745963CA0646}.Debug|Any CPU.Build.0 = Debug|Any CPU
		{2D7373BE-02CC-4825-A2AE-745963CA0646}.Debug|x64.ActiveCfg = Debug|Any CPU
		{2D7373BE-02CC-4825-A2AE-745963CA0646}.Debug|x64.Build.0 = Debug|Any CPU
		{2D7373BE-02CC-4825-A2AE-745963CA0646}.Debug|x86.ActiveCfg = Debug|Any CPU
		{2D7373BE-02CC-4825-A2AE-745963CA0646}.Debug|x86.Build.0 = Debug|Any CPU
		{2D7373BE-02CC-4825-A2AE-745963CA0646}.Release|Any CPU.ActiveCfg = Release|Any CPU
		{2D7373BE-02CC-4825-A2AE-745963CA0646}.Release|Any CPU.Build.0 = Release|Any CPU
		{2D7373BE-02CC-4825-A2AE-745963CA0646}.Release|x64.ActiveCfg = Release|Any CPU
		{2D7373BE-02CC-4825-A2AE-745963CA0646}.Release|x64.Build.0 = Release|Any CPU
		{2D7373BE-02CC-4825-A2AE-745963CA0646}.Release|x86.ActiveCfg = Release|Any CPU
		{2D7373BE-02CC-4825-A2AE-745963CA0646}.Release|x86.Build.0 = Release|Any CPU
		{798FEEE8-D666-4D03-9578-959D1078ACB7}.Debug|Any CPU.ActiveCfg = Debug|Any CPU
		{798FEEE8-D666-4D03-9578-959D1078ACB7}.Debug|Any CPU.Build.0 = Debug|Any CPU
		{798FEEE8-D666-4D03-9578-959D1078ACB7}.Debug|x64.ActiveCfg = Debug|Any CPU
		{798FEEE8-D666-4D03-9578-959D1078ACB7}.Debug|x64.Build.0 = Debug|Any CPU
		{798FEEE8-D666-4D03-9578-959D1078ACB7}.Debug|x86.ActiveCfg = Debug|Any CPU
		{798FEEE8-D666-4D03-9578-959D1078ACB7}.Debug|x86.Build.0 = Debug|Any CPU
		{798FEEE8-D666-4D03-9578-959D1078ACB7}.Release|Any CPU.ActiveCfg = Release|Any CPU
		{798FEEE8-D666-4D03-9578-959D1078ACB7}.Release|Any CPU.Build.0 = Release|Any CPU
		{798FEEE8-D666-4D03-9578-959D1078ACB7}.Release|x64.ActiveCfg = Release|Any CPU
		{798FEEE8-D666-4D03-9578-959D1078ACB7}.Release|x64.Build.0 = Release|Any CPU
		{798FEEE8-D666-4D03-9578-959D1078ACB7}.Release|x86.ActiveCfg = Release|Any CPU
		{798FEEE8-D666-4D03-9578-959D1078ACB7}.Release|x86.Build.0 = Release|Any CPU
	EndGlobalSection
EndGlobal
